
Microsoft Visual Studio Solution File, Format Version 12.00
# Visual Studio 15
VisualStudioVersion = 15.0.28307.902
MinimumVisualStudioVersion = 10.0.40219.1
Project("{FAE04EC0-301F-11D3-BF4B-00C04F79EFBC}") = "RGZIS_Ann", "RGZIS_Ann\RGZIS_Ann.csproj", "{7CBCC827-E86D-4360-B0D6-004A2F1132A0}"
EndProject
Global
	GlobalSection(SolutionConfigurationPlatforms) = preSolution
		Debug|Any CPU = Debug|Any CPU
		Release|Any CPU = Release|Any CPU
	EndGlobalSection
	GlobalSection(ProjectConfigurationPlatforms) = postSolution
		{7CBCC827-E86D-4360-B0D6-004A2F1132A0}.Debug|Any CPU.ActiveCfg = Debug|Any CPU
		{7CBCC827-E86D-4360-B0D6-004A2F1132A0}.Debug|Any CPU.Build.0 = Debug|Any CPU
		{7CBCC827-E86D-4360-B0D6-004A2F1132A0}.Release|Any CPU.ActiveCfg = Release|Any CPU
		{7CBCC827-E86D-4360-B0D6-004A2F1132A0}.Release|Any CPU.Build.0 = Release|Any CPU
	EndGlobalSection
	GlobalSection(SolutionProperties) = preSolution
		HideSolutionNode = FALSE
	EndGlobalSection
	GlobalSection(ExtensibilityGlobals) = postSolution
		SolutionGuid = {6B9B665A-D3CD-48B1-90ED-AB6EF472C58B}
	EndGlobalSection
EndGlobal
